
Microsoft Visual Studio Solution File, Format Version 11.00
# Visual Studio 2010
Project("{8BC9CEB8-8B4A-11D0-8D11-00A0C91BC942}") = "第四周作业", "第四周作业\第四周作业.vcxproj", "{3C49CA91-5DDD-4678-BCF8-706A9AAFA543}"
EndProject
Global
	GlobalSection(SolutionConfigurationPlatforms) = preSolution
		Debug|Win32 = Debug|Win32
		Release|Win32 = Release|Win32
	EndGlobalSection
	GlobalSection(ProjectConfigurationPlatforms) = postSolution
		{3C49CA91-5DDD-4678-BCF8-706A9AAFA543}.Debug|Win32.ActiveCfg = Debug|Win32
		{3C49CA91-5DDD-4678-BCF8-706A9AAFA543}.Debug|Win32.Build.0 = Debug|Win32
		{3C49CA91-5DDD-4678-BCF8-706A9AAFA543}.Release|Win32.ActiveCfg = Release|Win32
		{3C49CA91-5DDD-4678-BCF8-706A9AAFA543}.Release|Win32.Build.0 = Release|Win32
	EndGlobalSection
	GlobalSection(SolutionProperties) = preSolution
		HideSolutionNode = FALSE
	EndGlobalSection
EndGlobal
