
Microsoft Visual Studio Solution File, Format Version 11.00
# Visual Studio 2010
Project("{8BC9CEB8-8B4A-11D0-8D11-00A0C91BC942}") = "第六周作业", "第六周作业\第六周作业.vcxproj", "{60290171-A53B-4485-B855-E6E02DE48319}"
EndProject
Global
	GlobalSection(SolutionConfigurationPlatforms) = preSolution
		Debug|Win32 = Debug|Win32
		Release|Win32 = Release|Win32
	EndGlobalSection
	GlobalSection(ProjectConfigurationPlatforms) = postSolution
		{60290171-A53B-4485-B855-E6E02DE48319}.Debug|Win32.ActiveCfg = Debug|Win32
		{60290171-A53B-4485-B855-E6E02DE48319}.Debug|Win32.Build.0 = Debug|Win32
		{60290171-A53B-4485-B855-E6E02DE48319}.Release|Win32.ActiveCfg = Release|Win32
		{60290171-A53B-4485-B855-E6E02DE48319}.Release|Win32.Build.0 = Release|Win32
	EndGlobalSection
	GlobalSection(SolutionProperties) = preSolution
		HideSolutionNode = FALSE
	EndGlobalSection
EndGlobal
