
Microsoft Visual Studio Solution File, Format Version 11.00
# Visual Studio 2010
Project("{8BC9CEB8-8B4A-11D0-8D11-00A0C91BC942}") = "第一周作业", "第一周作业\第一周作业.vcxproj", "{AF79E634-3DC4-45CB-9983-4806383DE09E}"
EndProject
Global
	GlobalSection(SolutionConfigurationPlatforms) = preSolution
		Debug|Win32 = Debug|Win32
		Release|Win32 = Release|Win32
	EndGlobalSection
	GlobalSection(ProjectConfigurationPlatforms) = postSolution
		{AF79E634-3DC4-45CB-9983-4806383DE09E}.Debug|Win32.ActiveCfg = Debug|Win32
		{AF79E634-3DC4-45CB-9983-4806383DE09E}.Debug|Win32.Build.0 = Debug|Win32
		{AF79E634-3DC4-45CB-9983-4806383DE09E}.Release|Win32.ActiveCfg = Release|Win32
		{AF79E634-3DC4-45CB-9983-4806383DE09E}.Release|Win32.Build.0 = Release|Win32
	EndGlobalSection
	GlobalSection(SolutionProperties) = preSolution
		HideSolutionNode = FALSE
	EndGlobalSection
EndGlobal
