
Microsoft Visual Studio Solution File, Format Version 11.00
# Visual Studio 2010
Project("{8BC9CEB8-8B4A-11D0-8D11-00A0C91BC942}") = "案例和原创习题", "案例和原创习题\案例和原创习题.vcxproj", "{D883733C-D989-4088-8291-6D3EA1B8E341}"
EndProject
Global
	GlobalSection(SolutionConfigurationPlatforms) = preSolution
		Debug|Win32 = Debug|Win32
		Release|Win32 = Release|Win32
	EndGlobalSection
	GlobalSection(ProjectConfigurationPlatforms) = postSolution
		{D883733C-D989-4088-8291-6D3EA1B8E341}.Debug|Win32.ActiveCfg = Debug|Win32
		{D883733C-D989-4088-8291-6D3EA1B8E341}.Debug|Win32.Build.0 = Debug|Win32
		{D883733C-D989-4088-8291-6D3EA1B8E341}.Release|Win32.ActiveCfg = Release|Win32
		{D883733C-D989-4088-8291-6D3EA1B8E341}.Release|Win32.Build.0 = Release|Win32
	EndGlobalSection
	GlobalSection(SolutionProperties) = preSolution
		HideSolutionNode = FALSE
	EndGlobalSection
EndGlobal
