
Microsoft Visual Studio Solution File, Format Version 11.00
# Visual Studio 2010
Project("{8BC9CEB8-8B4A-11D0-8D11-00A0C91BC942}") = "第七周作业", "第七周作业\第七周作业.vcxproj", "{F4B61DC9-2169-4583-A59F-BC26644D585C}"
EndProject
Global
	GlobalSection(SolutionConfigurationPlatforms) = preSolution
		Debug|Win32 = Debug|Win32
		Release|Win32 = Release|Win32
	EndGlobalSection
	GlobalSection(ProjectConfigurationPlatforms) = postSolution
		{F4B61DC9-2169-4583-A59F-BC26644D585C}.Debug|Win32.ActiveCfg = Debug|Win32
		{F4B61DC9-2169-4583-A59F-BC26644D585C}.Debug|Win32.Build.0 = Debug|Win32
		{F4B61DC9-2169-4583-A59F-BC26644D585C}.Release|Win32.ActiveCfg = Release|Win32
		{F4B61DC9-2169-4583-A59F-BC26644D585C}.Release|Win32.Build.0 = Release|Win32
	EndGlobalSection
	GlobalSection(SolutionProperties) = preSolution
		HideSolutionNode = FALSE
	EndGlobalSection
EndGlobal
